
Microsoft Visual Studio Solution File, Format Version 12.00
# Visual Studio 15
VisualStudioVersion = 15.0.27703.2026
MinimumVisualStudioVersion = 10.0.40219.1
Project("{FAE04EC0-301F-11D3-BF4B-00C04F79EFBC}") = "Kakous.WebSocket", "src\Kakous.WebSocket\Kakous.WebSocket.csproj", "{16E3C34B-1B43-4A56-A9AF-E7BC32D0467A}"
EndProject
Project("{FAE04EC0-301F-11D3-BF4B-00C04F79EFBC}") = "Example", "src\Example\Example.csproj", "{44047824-6B38-4848-9264-318BED276C38}"
EndProject
Global
	GlobalSection(SolutionConfigurationPlatforms) = preSolution
		Debug|Any CPU = Debug|Any CPU
		Release|Any CPU = Release|Any CPU
	EndGlobalSection
	GlobalSection(ProjectConfigurationPlatforms) = postSolution
		{16E3C34B-1B43-4A56-A9AF-E7BC32D0467A}.Debug|Any CPU.ActiveCfg = Debug|Any CPU
		{16E3C34B-1B43-4A56-A9AF-E7BC32D0467A}.Debug|Any CPU.Build.0 = Debug|Any CPU
		{16E3C34B-1B43-4A56-A9AF-E7BC32D0467A}.Release|Any CPU.ActiveCfg = Release|Any CPU
		{16E3C34B-1B43-4A56-A9AF-E7BC32D0467A}.Release|Any CPU.Build.0 = Release|Any CPU
		{44047824-6B38-4848-9264-318BED276C38}.Debug|Any CPU.ActiveCfg = Debug|Any CPU
		{44047824-6B38-4848-9264-318BED276C38}.Debug|Any CPU.Build.0 = Debug|Any CPU
		{44047824-6B38-4848-9264-318BED276C38}.Release|Any CPU.ActiveCfg = Release|Any CPU
		{44047824-6B38-4848-9264-318BED276C38}.Release|Any CPU.Build.0 = Release|Any CPU
	EndGlobalSection
	GlobalSection(SolutionProperties) = preSolution
		HideSolutionNode = FALSE
	EndGlobalSection
	GlobalSection(ExtensibilityGlobals) = postSolution
		SolutionGuid = {AACD503E-7186-4324-B0F0-6F757D8AC460}
	EndGlobalSection
EndGlobal
